
Microsoft Visual Studio Solution File, Format Version 12.00
# Visual Studio Version 17
VisualStudioVersion = 17.3.32929.385
MinimumVisualStudioVersion = 10.0.40219.1
Project("{FAE04EC0-301F-11D3-BF4B-00C04F79EFBC}") = "Digital Image Processor", "Digital Image Processor\Digital Image Processor.csproj", "{B33762A6-8F73-4C8B-8DDD-3F525D747437}"
EndProject
Global
	GlobalSection(SolutionConfigurationPlatforms) = preSolution
		Debug|Any CPU = Debug|Any CPU
		Release|Any CPU = Release|Any CPU
	EndGlobalSection
	GlobalSection(ProjectConfigurationPlatforms) = postSolution
		{B33762A6-8F73-4C8B-8DDD-3F525D747437}.Debug|Any CPU.ActiveCfg = Debug|Any CPU
		{B33762A6-8F73-4C8B-8DDD-3F525D747437}.Debug|Any CPU.Build.0 = Debug|Any CPU
		{B33762A6-8F73-4C8B-8DDD-3F525D747437}.Release|Any CPU.ActiveCfg = Release|Any CPU
		{B33762A6-8F73-4C8B-8DDD-3F525D747437}.Release|Any CPU.Build.0 = Release|Any CPU
	EndGlobalSection
	GlobalSection(SolutionProperties) = preSolution
		HideSolutionNode = FALSE
	EndGlobalSection
	GlobalSection(ExtensibilityGlobals) = postSolution
		SolutionGuid = {276C67B8-B09B-4731-AE5F-FD07C47E7591}
	EndGlobalSection
EndGlobal
